<?xml version="1.0" encoding="utf-8"?>
<Project ToolsVersion="4.0" xmlns="http://schemas.microsoft.com/developer/msbuild/2003">
  <ItemGroup>
    <ClCompile Include="main.cpp" />
    <ClCompile Include="src\abstraction\Exercise.ixx">
      <Filter>Abstraction</Filter>
    </ClCompile>
    <ClCompile Include="src\exercises\DragByMouse.cpp">
      <Filter>Exercises</Filter>
    </ClCompile>
    <ClCompile Include="src\exercises\AudioPlayer.cpp">
      <Filter>Exercises</Filter>
    </ClCompile>
    <ClCompile Include="src\exercises\MoveByWSAD.cpp">
      <Filter>Exercises</Filter>
    </ClCompile>
    <ClCompile Include="src\exercises\NeedFix.CombineTextures.cpp">
      <Filter>Exercises</Filter>
    </ClCompile>
    <ClCompile Include="src\exercises\NeedFix.KeepSceneAtCenter.cpp">
      <Filter>Exercises</Filter>
    </ClCompile>
    <ClCompile Include="src\exercises\NeedFix.LoadTexture.cpp">
      <Filter>Exercises</Filter>
    </ClCompile>
    <ClCompile Include="src\exercises\NeedFix.VAO.cpp">
      <Filter>Exercises</Filter>
    </ClCompile>
    <ClCompile Include="src\exercises\NeedFix.WrongIndices.cpp">
      <Filter>Exercises</Filter>
    </ClCompile>
    <ClCompile Include="src\exercises\ReadVerticesFromFile.cpp">
      <Filter>Exercises</Filter>
    </ClCompile>
    <ClCompile Include="src\exercises\ReadVerticesFromLib.cpp">
      <Filter>Exercises</Filter>
    </ClCompile>
    <ClCompile Include="src\exercises\SineWave.cpp">
      <Filter>Exercises</Filter>
    </ClCompile>
    <ClCompile Include="src\exercises\TwoWindows.cpp">
      <Filter>Exercises</Filter>
    </ClCompile>
    <ClCompile Include="src\exercises\AddShapeOnKeyPress.cpp">
      <Filter>Exercises</Filter>
    </ClCompile>
    <ClCompile Include="src\exercises\DrawShapeOnUserSelection.cpp">
      <Filter>Exercises</Filter>
    </ClCompile>
    <ClCompile Include="src\exercises\ReadVerticesFromObj.cpp">
      <Filter>Exercises</Filter>
    </ClCompile>
    <ClCompile Include="src\exercises\ColorByRGBKeys.cpp">
      <Filter>Exercises</Filter>
    </ClCompile>
    <ClCompile Include="src\exercises\PickTextureFromDevice.cpp">
      <Filter>Exercises</Filter>
    </ClCompile>
    <ClCompile Include="src\exercises\NeedFix.WrongColoring.cpp">
      <Filter>Exercises</Filter>
    </ClCompile>
    <ClCompile Include="src\exercises\NeedFix.NothingIsDrawn.cpp">
      <Filter>Exercises</Filter>
    </ClCompile>
    <ClCompile Include="src\exercises\NeedFix.VBO.cpp">
      <Filter>Exercises</Filter>
    </ClCompile>
  </ItemGroup>
  <ItemGroup>
    <Filter Include="Abstraction">
      <UniqueIdentifier>{d0bd2e69-31a3-4615-b6e9-5901275b7a3d}</UniqueIdentifier>
    </Filter>
    <Filter Include="Exercises">
      <UniqueIdentifier>{e49bac77-c318-4f23-9c67-be28f57b9c7a}</UniqueIdentifier>
    </Filter>
  </ItemGroup>
  <ItemGroup>
    <None Include="README.md" />
  </ItemGroup>
</Project>