<?xml version="1.0" encoding="utf-8"?>
<Project ToolsVersion="4.0" xmlns="http://schemas.microsoft.com/developer/msbuild/2003">
  <ItemGroup>
    <Filter Include="Shaders">
      <UniqueIdentifier>{40fd2684-c4ba-4ec4-b91b-52c20ee2d1e6}</UniqueIdentifier>
    </Filter>
    <Filter Include="Modules">
      <UniqueIdentifier>{8436e62d-0bb4-4b7c-8e83-4a159d6b4851}</UniqueIdentifier>
    </Filter>
    <Filter Include="Samples">
      <UniqueIdentifier>{9468c7bf-3639-4904-9fb4-4532e8a21d72}</UniqueIdentifier>
    </Filter>
  </ItemGroup>
  <ItemGroup>
    <ClCompile Include="src\abstraction\Sample.ixx">
      <Filter>Modules</Filter>
    </ClCompile>
    <ClCompile Include="main.cpp" />
    <ClCompile Include="src\samples\FreeCamera.cpp">
      <Filter>Samples</Filter>
    </ClCompile>
    <ClCompile Include="src\samples\JustGlfwWindow.cpp">
      <Filter>Samples</Filter>
    </ClCompile>
    <ClCompile Include="src\samples\HelloTriangle.cpp">
      <Filter>Samples</Filter>
    </ClCompile>
    <ClCompile Include="src\samples\HelloTexture.cpp">
      <Filter>Samples</Filter>
    </ClCompile>
    <ClCompile Include="src\samples\HelloTriangle.Oop.cpp">
      <Filter>Samples</Filter>
    </ClCompile>
    <ClCompile Include="src\samples\CircleVsDisk.cpp">
      <Filter>Samples</Filter>
    </ClCompile>
    <ClCompile Include="src\samples\GlfwWindowWithButton.cpp">
      <Filter>Samples</Filter>
    </ClCompile>
    <ClCompile Include="src\samples\HelloPrimitives.cpp">
      <Filter>Samples</Filter>
    </ClCompile>
    <ClCompile Include="src\samples\OpenFileDialog.cpp">
      <Filter>Samples</Filter>
    </ClCompile>
    <ClCompile Include="src\samples\HelloTriangle.ProjectionViewModel.cpp">
      <Filter>Samples</Filter>
    </ClCompile>
    <ClCompile Include="src\samples\HelloTriangle.Perspective.cpp">
      <Filter>Samples</Filter>
    </ClCompile>
    <ClCompile Include="src\samples\HelloTriangle.Ortho.cpp">
      <Filter>Samples</Filter>
    </ClCompile>
    <ClCompile Include="src\samples\.constants.cpp">
      <Filter>Samples</Filter>
    </ClCompile>
    <ClCompile Include="src\samples\RotateByWASD.cpp">
      <Filter>Samples</Filter>
    </ClCompile>
    <ClCompile Include="src\samples\HelloTexture.Oop.cpp">
      <Filter>Samples</Filter>
    </ClCompile>
    <ClCompile Include="src\samples\FreeCamera.Oop.cpp">
      <Filter>Samples</Filter>
    </ClCompile>
    <ClCompile Include="src\samples\Lighting.Phong.cpp">
      <Filter>Samples</Filter>
    </ClCompile>
    <ClCompile Include="src\samples\HelloTexture.Transparency.cpp">
      <Filter>Samples</Filter>
    </ClCompile>
    <ClCompile Include="src\samples\HelloTexture.Sphere.cpp">
      <Filter>Samples</Filter>
    </ClCompile>
  </ItemGroup>
  <ItemGroup>
    <None Include="shaders\fs\accept-2-textures.fs">
      <Filter>Shaders</Filter>
    </None>
    <None Include="shaders\vs\transform.vs">
      <Filter>Shaders</Filter>
    </None>
    <None Include="shaders\vs\bypass.vs">
      <Filter>Shaders</Filter>
    </None>
    <None Include="shaders\fs\red.fs">
      <Filter>Shaders</Filter>
    </None>
    <None Include="shaders\fs\accept-1-texture.fs">
      <Filter>Shaders</Filter>
    </None>
    <None Include="shaders\vs\bypass-texture.vs">
      <Filter>Shaders</Filter>
    </None>
    <None Include="README.md" />
    <None Include="shaders\vs\bypass-color.vs">
      <Filter>Shaders</Filter>
    </None>
    <None Include="shaders\fs\accept-color.fs">
      <Filter>Shaders</Filter>
    </None>
    <None Include="shaders\vs\transform-no-tex.vs">
      <Filter>Shaders</Filter>
    </None>
    <None Include="shaders\vs\bypass-phong.vs">
      <Filter>Shaders</Filter>
    </None>
    <None Include="shaders\vs\bypass-phong-with-texture.vs">
      <Filter>Shaders</Filter>
    </None>
    <None Include="shaders\fs\basic-phong.fs">
      <Filter>Shaders</Filter>
    </None>
    <None Include="shaders\fs\accept-color-via-uniform.fs">
      <Filter>Shaders</Filter>
    </None>
  </ItemGroup>
</Project>