<?xml version="1.0" encoding="utf-8"?>
<Project ToolsVersion="4.0" xmlns="http://schemas.microsoft.com/developer/msbuild/2003">
  <ItemGroup>
    <Text Include="README.md" />
  </ItemGroup>
  <ItemGroup>
    <Filter Include="Resource Files">
      <UniqueIdentifier>{414639d2-0214-4098-a34e-506f69a82e92}</UniqueIdentifier>
    </Filter>
    <Filter Include="Source Files">
      <UniqueIdentifier>{5065a8df-6bc5-4573-89d9-bd6eded4f79e}</UniqueIdentifier>
    </Filter>
    <Filter Include="Header Files">
      <UniqueIdentifier>{9fb0bf55-8535-40fc-aca9-05b31f4a3184}</UniqueIdentifier>
    </Filter>
  </ItemGroup>
  <ItemGroup>
    <Image Include="Data\BlueFace.tga">
      <Filter>Resource Files</Filter>
    </Image>
    <Image Include="Data\Bucket.tga">
      <Filter>Resource Files</Filter>
    </Image>
    <Image Include="Data\Coke.tga">
      <Filter>Resource Files</Filter>
    </Image>
    <Image Include="Data\Crosshair.tga">
      <Filter>Resource Files</Filter>
    </Image>
    <Image Include="Data\Explode.tga">
      <Filter>Resource Files</Filter>
    </Image>
    <Image Include="Data\Font.tga">
      <Filter>Resource Files</Filter>
    </Image>
    <Image Include="Data\Ground.tga">
      <Filter>Resource Files</Filter>
    </Image>
    <Image Include="Data\Sky.tga">
      <Filter>Resource Files</Filter>
    </Image>
    <Image Include="Data\Target.tga">
      <Filter>Resource Files</Filter>
    </Image>
    <Image Include="Data\Vase.tga">
      <Filter>Resource Files</Filter>
    </Image>
  </ItemGroup>
  <ItemGroup>
    <Media Include="Data\Shot.wav">
      <Filter>Resource Files</Filter>
    </Media>
  </ItemGroup>
  <ItemGroup>
    <ClCompile Include="src\main.cpp">
      <Filter>Source Files</Filter>
    </ClCompile>
    <ClCompile Include="src\NeHeGL.cpp">
      <Filter>Source Files</Filter>
    </ClCompile>
  </ItemGroup>
  <ItemGroup>
    <ClInclude Include="headers\NeHeGL.h">
      <Filter>Header Files</Filter>
    </ClInclude>
  </ItemGroup>
</Project>